// !$*UTF8*$!
{
	archiveVersion = 1;
	classes = {
	};
	objectVersion = 46;
	objects = {

/* Begin PBXBuildFile section */
		5704BF751724FC7200B65DB6 /* HighScores.plist in Resources */ = {isa = PBXBuildFile; fileRef = 5704BF741724FC7200B65DB6 /* HighScores.plist */; };
		5714DE57171F70C0003552A3 /* UIKit.framework in Frameworks */ = {isa = PBXBuildFile; fileRef = 5714DE56171F70C0003552A3 /* UIKit.framework */; };
		5714DE59171F70C0003552A3 /* Foundation.framework in Frameworks */ = {isa = PBXBuildFile; fileRef = 5714DE58171F70C0003552A3 /* Foundation.framework */; };
		5714DE5B171F70C0003552A3 /* CoreGraphics.framework in Frameworks */ = {isa = PBXBuildFile; fileRef = 5714DE5A171F70C0003552A3 /* CoreGraphics.framework */; };
		5714DE61171F70C0003552A3 /* InfoPlist.strings in Resources */ = {isa = PBXBuildFile; fileRef = 5714DE5F171F70C0003552A3 /* InfoPlist.strings */; };
		5714DE63171F70C0003552A3 /* main.m in Sources */ = {isa = PBXBuildFile; fileRef = 5714DE62171F70C0003552A3 /* main.m */; };
		5714DE67171F70C0003552A3 /* AppDelegate.m in Sources */ = {isa = PBXBuildFile; fileRef = 5714DE66171F70C0003552A3 /* AppDelegate.m */; };
		5714DE69171F70C0003552A3 /* Default.png in Resources */ = {isa = PBXBuildFile; fileRef = 5714DE68171F70C0003552A3 /* Default.png */; };
		5714DE6B171F70C0003552A3 /* Default@2x.png in Resources */ = {isa = PBXBuildFile; fileRef = 5714DE6A171F70C0003552A3 /* Default@2x.png */; };
		5714DE6D171F70C0003552A3 /* Default-568h@2x.png in Resources */ = {isa = PBXBuildFile; fileRef = 5714DE6C171F70C0003552A3 /* Default-568h@2x.png */; };
		5714DE76171F70EA003552A3 /* GameViewController.m in Sources */ = {isa = PBXBuildFile; fileRef = 5714DE74171F70EA003552A3 /* GameViewController.m */; };
		5714DE77171F70EA003552A3 /* GameViewController.xib in Resources */ = {isa = PBXBuildFile; fileRef = 5714DE75171F70EA003552A3 /* GameViewController.xib */; };
		5714DE7B171F711F003552A3 /* PlayingCard.m in Sources */ = {isa = PBXBuildFile; fileRef = 5714DE7A171F711F003552A3 /* PlayingCard.m */; };
		5714DE7E171F72D3003552A3 /* cardBackground.jpg in Resources */ = {isa = PBXBuildFile; fileRef = 5714DE7D171F72D3003552A3 /* cardBackground.jpg */; };
		5714DE80171F76F7003552A3 /* QuartzCore.framework in Frameworks */ = {isa = PBXBuildFile; fileRef = 5714DE7F171F76F7003552A3 /* QuartzCore.framework */; };
		5714DE83171F7ABE003552A3 /* CardGame.m in Sources */ = {isa = PBXBuildFile; fileRef = 5714DE82171F7ABE003552A3 /* CardGame.m */; };
		573CB3281721A3E100ED46BB /* 1Up.png in Resources */ = {isa = PBXBuildFile; fileRef = 573CB3211721A3E100ED46BB /* 1Up.png */; };
		573CB3291721A3E100ED46BB /* Coin.png in Resources */ = {isa = PBXBuildFile; fileRef = 573CB3221721A3E100ED46BB /* Coin.png */; };
		573CB32B1721A3E100ED46BB /* Koopa.png in Resources */ = {isa = PBXBuildFile; fileRef = 573CB3241721A3E100ED46BB /* Koopa.png */; };
		573CB32C1721A3E100ED46BB /* Mushroom.png in Resources */ = {isa = PBXBuildFile; fileRef = 573CB3251721A3E100ED46BB /* Mushroom.png */; };
		573CB32D1721A3E100ED46BB /* QuestionBlock.png in Resources */ = {isa = PBXBuildFile; fileRef = 573CB3261721A3E100ED46BB /* QuestionBlock.png */; };
		573CB32E1721A3E100ED46BB /* Star.png in Resources */ = {isa = PBXBuildFile; fileRef = 573CB3271721A3E100ED46BB /* Star.png */; };
		573CB3321721A58100ED46BB /* MarioBrosBackground.jpg in Resources */ = {isa = PBXBuildFile; fileRef = 573CB3301721A58100ED46BB /* MarioBrosBackground.jpg */; };
		573CB3391721AB8600ED46BB /* Title After.png in Resources */ = {isa = PBXBuildFile; fileRef = 573CB3381721AB8600ED46BB /* Title After.png */; };
		575295471721C22F0037CB3F /* Flower.png in Resources */ = {isa = PBXBuildFile; fileRef = 575295461721C22F0037CB3F /* Flower.png */; };
		5752954B1721C76F0037CB3F /* GameBackground.png in Resources */ = {isa = PBXBuildFile; fileRef = 5752954A1721C76F0037CB3F /* GameBackground.png */; };
		575295511721CC540037CB3F /* 1Up.mp3 in Resources */ = {isa = PBXBuildFile; fileRef = 5752954E1721CC540037CB3F /* 1Up.mp3 */; };
		575295521721CC540037CB3F /* Match.wav in Resources */ = {isa = PBXBuildFile; fileRef = 5752954F1721CC540037CB3F /* Match.wav */; };
		575295531721CC540037CB3F /* NoMatch.wav in Resources */ = {isa = PBXBuildFile; fileRef = 575295501721CC540037CB3F /* NoMatch.wav */; };
		575295581721CC640037CB3F /* MusicBox.mp3 in Resources */ = {isa = PBXBuildFile; fileRef = 575295541721CC640037CB3F /* MusicBox.mp3 */; };
		575295591721CC640037CB3F /* Overworld.mp3 in Resources */ = {isa = PBXBuildFile; fileRef = 575295551721CC640037CB3F /* Overworld.mp3 */; };
		5752955A1721CC640037CB3F /* SpadeGame.mp3 in Resources */ = {isa = PBXBuildFile; fileRef = 575295561721CC640037CB3F /* SpadeGame.mp3 */; };
		5752955B1721CC640037CB3F /* VictoryFanFare.mp3 in Resources */ = {isa = PBXBuildFile; fileRef = 575295571721CC640037CB3F /* VictoryFanFare.mp3 */; };
		5752955F1721CD4D0037CB3F /* HomeViewController.m in Sources */ = {isa = PBXBuildFile; fileRef = 5752955D1721CD4C0037CB3F /* HomeViewController.m */; };
		575295601721CD4D0037CB3F /* HomeViewController.xib in Resources */ = {isa = PBXBuildFile; fileRef = 5752955E1721CD4C0037CB3F /* HomeViewController.xib */; };
		575295641721CD950037CB3F /* HighScoresViewController.m in Sources */ = {isa = PBXBuildFile; fileRef = 575295621721CD950037CB3F /* HighScoresViewController.m */; };
		575295651721CD950037CB3F /* HighScoresViewController.xib in Resources */ = {isa = PBXBuildFile; fileRef = 575295631721CD950037CB3F /* HighScoresViewController.xib */; };
		575295671721D49B0037CB3F /* AVFoundation.framework in Frameworks */ = {isa = PBXBuildFile; fileRef = 575295661721D49B0037CB3F /* AVFoundation.framework */; };
		57A2B99D1721B36200ED83AF /* Emulogic.ttf in Resources */ = {isa = PBXBuildFile; fileRef = 57A2B9981721B34300ED83AF /* Emulogic.ttf */; };
		57A2B99E1721B36200ED83AF /* Super Plumber Brothers.ttf in Resources */ = {isa = PBXBuildFile; fileRef = 57A2B9991721B34300ED83AF /* Super Plumber Brothers.ttf */; };
/* End PBXBuildFile section */

/* Begin PBXFileReference section */
		5704BF741724FC7200B65DB6 /* HighScores.plist */ = {isa = PBXFileReference; fileEncoding = 4; lastKnownFileType = text.plist.xml; path = HighScores.plist; sourceTree = "<group>"; };
		5714DE53171F70C0003552A3 /* MemoryCardGame.app */ = {isa = PBXFileReference; explicitFileType = wrapper.application; includeInIndex = 0; path = MemoryCardGame.app; sourceTree = BUILT_PRODUCTS_DIR; };
		5714DE56171F70C0003552A3 /* UIKit.framework */ = {isa = PBXFileReference; lastKnownFileType = wrapper.framework; name = UIKit.framework; path = System/Library/Frameworks/UIKit.framework; sourceTree = SDKROOT; };
		5714DE58171F70C0003552A3 /* Foundation.framework */ = {isa = PBXFileReference; lastKnownFileType = wrapper.framework; name = Foundation.framework; path = System/Library/Frameworks/Foundation.framework; sourceTree = SDKROOT; };
		5714DE5A171F70C0003552A3 /* CoreGraphics.framework */ = {isa = PBXFileReference; lastKnownFileType = wrapper.framework; name = CoreGraphics.framework; path = System/Library/Frameworks/CoreGraphics.framework; sourceTree = SDKROOT; };
		5714DE5E171F70C0003552A3 /* MemoryCardGame-Info.plist */ = {isa = PBXFileReference; lastKnownFileType = text.plist.xml; path = "MemoryCardGame-Info.plist"; sourceTree = "<group>"; };
		5714DE60171F70C0003552A3 /* en */ = {isa = PBXFileReference; lastKnownFileType = text.plist.strings; name = en; path = en.lproj/InfoPlist.strings; sourceTree = "<group>"; };
		5714DE62171F70C0003552A3 /* main.m */ = {isa = PBXFileReference; lastKnownFileType = sourcecode.c.objc; path = main.m; sourceTree = "<group>"; };
		5714DE64171F70C0003552A3 /* MemoryCardGame-Prefix.pch */ = {isa = PBXFileReference; lastKnownFileType = sourcecode.c.h; path = "MemoryCardGame-Prefix.pch"; sourceTree = "<group>"; };
		5714DE65171F70C0003552A3 /* AppDelegate.h */ = {isa = PBXFileReference; lastKnownFileType = sourcecode.c.h; path = AppDelegate.h; sourceTree = "<group>"; };
		5714DE66171F70C0003552A3 /* AppDelegate.m */ = {isa = PBXFileReference; lastKnownFileType = sourcecode.c.objc; path = AppDelegate.m; sourceTree = "<group>"; };
		5714DE68171F70C0003552A3 /* Default.png */ = {isa = PBXFileReference; lastKnownFileType = image.png; name = Default.png; path = ../Default.png; sourceTree = "<group>"; };
		5714DE6A171F70C0003552A3 /* Default@2x.png */ = {isa = PBXFileReference; lastKnownFileType = image.png; name = "Default@2x.png"; path = "../Default@2x.png"; sourceTree = "<group>"; };
		5714DE6C171F70C0003552A3 /* Default-568h@2x.png */ = {isa = PBXFileReference; lastKnownFileType = image.png; name = "Default-568h@2x.png"; path = "../Default-568h@2x.png"; sourceTree = "<group>"; };
		5714DE73171F70EA003552A3 /* GameViewController.h */ = {isa = PBXFileReference; fileEncoding = 4; lastKnownFileType = sourcecode.c.h; path = GameViewController.h; sourceTree = "<group>"; };
		5714DE74171F70EA003552A3 /* GameViewController.m */ = {isa = PBXFileReference; fileEncoding = 4; lastKnownFileType = sourcecode.c.objc; path = GameViewController.m; sourceTree = "<group>"; };
		5714DE75171F70EA003552A3 /* GameViewController.xib */ = {isa = PBXFileReference; fileEncoding = 4; lastKnownFileType = file.xib; path = GameViewController.xib; sourceTree = "<group>"; };
		5714DE79171F711F003552A3 /* PlayingCard.h */ = {isa = PBXFileReference; fileEncoding = 4; lastKnownFileType = sourcecode.c.h; name = PlayingCard.h; path = Model/PlayingCard.h; sourceTree = "<group>"; };
		5714DE7A171F711F003552A3 /* PlayingCard.m */ = {isa = PBXFileReference; fileEncoding = 4; lastKnownFileType = sourcecode.c.objc; name = PlayingCard.m; path = Model/PlayingCard.m; sourceTree = "<group>"; };
		5714DE7D171F72D3003552A3 /* cardBackground.jpg */ = {isa = PBXFileReference; lastKnownFileType = image.jpeg; path = cardBackground.jpg; sourceTree = "<group>"; };
		5714DE7F171F76F7003552A3 /* QuartzCore.framework */ = {isa = PBXFileReference; lastKnownFileType = wrapper.framework; name = QuartzCore.framework; path = System/Library/Frameworks/QuartzCore.framework; sourceTree = SDKROOT; };
		5714DE81171F7ABE003552A3 /* CardGame.h */ = {isa = PBXFileReference; fileEncoding = 4; lastKnownFileType = sourcecode.c.h; name = CardGame.h; path = Model/CardGame.h; sourceTree = "<group>"; };
		5714DE82171F7ABE003552A3 /* CardGame.m */ = {isa = PBXFileReference; fileEncoding = 4; lastKnownFileType = sourcecode.c.objc; name = CardGame.m; path = Model/CardGame.m; sourceTree = "<group>"; };
		573CB3211721A3E100ED46BB /* 1Up.png */ = {isa = PBXFileReference; lastKnownFileType = image.png; path = 1Up.png; sourceTree = "<group>"; };
		573CB3221721A3E100ED46BB /* Coin.png */ = {isa = PBXFileReference; lastKnownFileType = image.png; path = Coin.png; sourceTree = "<group>"; };
		573CB3241721A3E100ED46BB /* Koopa.png */ = {isa = PBXFileReference; lastKnownFileType = image.png; path = Koopa.png; sourceTree = "<group>"; };
		573CB3251721A3E100ED46BB /* Mushroom.png */ = {isa = PBXFileReference; lastKnownFileType = image.png; path = Mushroom.png; sourceTree = "<group>"; };
		573CB3261721A3E100ED46BB /* QuestionBlock.png */ = {isa = PBXFileReference; lastKnownFileType = image.png; path = QuestionBlock.png; sourceTree = "<group>"; };
		573CB3271721A3E100ED46BB /* Star.png */ = {isa = PBXFileReference; lastKnownFileType = image.png; path = Star.png; sourceTree = "<group>"; };
		573CB3301721A58100ED46BB /* MarioBrosBackground.jpg */ = {isa = PBXFileReference; lastKnownFileType = image.jpeg; path = MarioBrosBackground.jpg; sourceTree = "<group>"; };
		573CB3381721AB8600ED46BB /* Title After.png */ = {isa = PBXFileReference; lastKnownFileType = image.png; path = "Title After.png"; sourceTree = "<group>"; };
		575295461721C22F0037CB3F /* Flower.png */ = {isa = PBXFileReference; lastKnownFileType = image.png; path = Flower.png; sourceTree = "<group>"; };
		5752954A1721C76F0037CB3F /* GameBackground.png */ = {isa = PBXFileReference; lastKnownFileType = image.png; path = GameBackground.png; sourceTree = "<group>"; };
		5752954E1721CC540037CB3F /* 1Up.mp3 */ = {isa = PBXFileReference; lastKnownFileType = audio.mp3; path = 1Up.mp3; sourceTree = "<group>"; };
		5752954F1721CC540037CB3F /* Match.wav */ = {isa = PBXFileReference; lastKnownFileType = audio.wav; path = Match.wav; sourceTree = "<group>"; };
		575295501721CC540037CB3F /* NoMatch.wav */ = {isa = PBXFileReference; lastKnownFileType = audio.wav; path = NoMatch.wav; sourceTree = "<group>"; };
		575295541721CC640037CB3F /* MusicBox.mp3 */ = {isa = PBXFileReference; lastKnownFileType = audio.mp3; path = MusicBox.mp3; sourceTree = "<group>"; };
		575295551721CC640037CB3F /* Overworld.mp3 */ = {isa = PBXFileReference; lastKnownFileType = audio.mp3; path = Overworld.mp3; sourceTree = "<group>"; };
		575295561721CC640037CB3F /* SpadeGame.mp3 */ = {isa = PBXFileReference; lastKnownFileType = audio.mp3; path = SpadeGame.mp3; sourceTree = "<group>"; };
		575295571721CC640037CB3F /* VictoryFanFare.mp3 */ = {isa = PBXFileReference; lastKnownFileType = audio.mp3; path = VictoryFanFare.mp3; sourceTree = "<group>"; };
		5752955C1721CD4C0037CB3F /* HomeViewController.h */ = {isa = PBXFileReference; fileEncoding = 4; lastKnownFileType = sourcecode.c.h; name = HomeViewController.h; path = ../HomeViewController.h; sourceTree = "<group>"; };
		5752955D1721CD4C0037CB3F /* HomeViewController.m */ = {isa = PBXFileReference; fileEncoding = 4; lastKnownFileType = sourcecode.c.objc; name = HomeViewController.m; path = ../HomeViewController.m; sourceTree = "<group>"; };
		5752955E1721CD4C0037CB3F /* HomeViewController.xib */ = {isa = PBXFileReference; fileEncoding = 4; lastKnownFileType = file.xib; name = HomeViewController.xib; path = ../HomeViewController.xib; sourceTree = "<group>"; };
		575295611721CD950037CB3F /* HighScoresViewController.h */ = {isa = PBXFileReference; fileEncoding = 4; lastKnownFileType = sourcecode.c.h; name = HighScoresViewController.h; path = ../HighScoresViewController.h; sourceTree = "<group>"; };
		575295621721CD950037CB3F /* HighScoresViewController.m */ = {isa = PBXFileReference; fileEncoding = 4; lastKnownFileType = sourcecode.c.objc; name = HighScoresViewController.m; path = ../HighScoresViewController.m; sourceTree = "<group>"; };
		575295631721CD950037CB3F /* HighScoresViewController.xib */ = {isa = PBXFileReference; fileEncoding = 4; lastKnownFileType = file.xib; name = HighScoresViewController.xib; path = ../HighScoresViewController.xib; sourceTree = "<group>"; };
		575295661721D49B0037CB3F /* AVFoundation.framework */ = {isa = PBXFileReference; lastKnownFileType = wrapper.framework; name = AVFoundation.framework; path = System/Library/Frameworks/AVFoundation.framework; sourceTree = SDKROOT; };
		57A2B9981721B34300ED83AF /* Emulogic.ttf */ = {isa = PBXFileReference; lastKnownFileType = file; name = Emulogic.ttf; path = ../Emulogic.ttf; sourceTree = "<group>"; };
		57A2B9991721B34300ED83AF /* Super Plumber Brothers.ttf */ = {isa = PBXFileReference; lastKnownFileType = file; name = "Super Plumber Brothers.ttf"; path = "../Super Plumber Brothers.ttf"; sourceTree = "<group>"; };
/* End PBXFileReference section */

/* Begin PBXFrameworksBuildPhase section */
		5714DE50171F70C0003552A3 /* Frameworks */ = {
			isa = PBXFrameworksBuildPhase;
			buildActionMask = 2147483647;
			files = (
				575295671721D49B0037CB3F /* AVFoundation.framework in Frameworks */,
				5714DE80171F76F7003552A3 /* QuartzCore.framework in Frameworks */,
				5714DE57171F70C0003552A3 /* UIKit.framework in Frameworks */,
				5714DE59171F70C0003552A3 /* Foundation.framework in Frameworks */,
				5714DE5B171F70C0003552A3 /* CoreGraphics.framework in Frameworks */,
			);
			runOnlyForDeploymentPostprocessing = 0;
		};
/* End PBXFrameworksBuildPhase section */

/* Begin PBXGroup section */
		5714DE4A171F70C0003552A3 = {
			isa = PBXGroup;
			children = (
				5714DE5C171F70C0003552A3 /* MemoryCardGame */,
				5714DE55171F70C0003552A3 /* Frameworks */,
				5714DE54171F70C0003552A3 /* Products */,
			);
			sourceTree = "<group>";
		};
		5714DE54171F70C0003552A3 /* Products */ = {
			isa = PBXGroup;
			children = (
				5714DE53171F70C0003552A3 /* MemoryCardGame.app */,
			);
			name = Products;
			sourceTree = "<group>";
		};
		5714DE55171F70C0003552A3 /* Frameworks */ = {
			isa = PBXGroup;
			children = (
				575295661721D49B0037CB3F /* AVFoundation.framework */,
				5714DE5A171F70C0003552A3 /* CoreGraphics.framework */,
				5714DE58171F70C0003552A3 /* Foundation.framework */,
				5714DE7F171F76F7003552A3 /* QuartzCore.framework */,
				5714DE56171F70C0003552A3 /* UIKit.framework */,
			);
			name = Frameworks;
			sourceTree = "<group>";
		};
		5714DE5C171F70C0003552A3 /* MemoryCardGame */ = {
			isa = PBXGroup;
			children = (
				5714DE65171F70C0003552A3 /* AppDelegate.h */,
				5714DE66171F70C0003552A3 /* AppDelegate.m */,
				5714DE78171F70F3003552A3 /* Model */,
				5714DE5D171F70C0003552A3 /* Supporting Files */,
				57A2B9A01721BC6100ED83AF /* View */,
				57A2B99F1721BC5A00ED83AF /* ViewController */,
			);
			path = MemoryCardGame;
			sourceTree = "<group>";
		};
		5714DE5D171F70C0003552A3 /* Supporting Files */ = {
			isa = PBXGroup;
			children = (
				57A2B99C1721B34F00ED83AF /* Fonts */,
				5704BF741724FC7200B65DB6 /* HighScores.plist */,
				5714DE7C171F72C6003552A3 /* Images */,
				5714DE5F171F70C0003552A3 /* InfoPlist.strings */,
				5714DE62171F70C0003552A3 /* main.m */,
				5714DE5E171F70C0003552A3 /* MemoryCardGame-Info.plist */,
				5714DE64171F70C0003552A3 /* MemoryCardGame-Prefix.pch */,
				5752954C1721CC3D0037CB3F /* Music */,
				5752954D1721CC430037CB3F /* Sounds */,
			);
			name = "Supporting Files";
			sourceTree = "<group>";
		};
		5714DE78171F70F3003552A3 /* Model */ = {
			isa = PBXGroup;
			children = (
				5714DE81171F7ABE003552A3 /* CardGame.h */,
				5714DE82171F7ABE003552A3 /* CardGame.m */,
				5714DE79171F711F003552A3 /* PlayingCard.h */,
				5714DE7A171F711F003552A3 /* PlayingCard.m */,
			);
			name = Model;
			sourceTree = "<group>";
		};
		5714DE7C171F72C6003552A3 /* Images */ = {
			isa = PBXGroup;
			children = (
				573CB3211721A3E100ED46BB /* 1Up.png */,
				5714DE7D171F72D3003552A3 /* cardBackground.jpg */,
				573CB3221721A3E100ED46BB /* Coin.png */,
				5714DE6C171F70C0003552A3 /* Default-568h@2x.png */,
				5714DE68171F70C0003552A3 /* Default.png */,
				5714DE6A171F70C0003552A3 /* Default@2x.png */,
				575295461721C22F0037CB3F /* Flower.png */,
				5752954A1721C76F0037CB3F /* GameBackground.png */,
				573CB3241721A3E100ED46BB /* Koopa.png */,
				573CB3301721A58100ED46BB /* MarioBrosBackground.jpg */,
				573CB3251721A3E100ED46BB /* Mushroom.png */,
				573CB3261721A3E100ED46BB /* QuestionBlock.png */,
				573CB3271721A3E100ED46BB /* Star.png */,
				573CB3381721AB8600ED46BB /* Title After.png */,
			);
			path = Images;
			sourceTree = "<group>";
		};
		5752954C1721CC3D0037CB3F /* Music */ = {
			isa = PBXGroup;
			children = (
				575295541721CC640037CB3F /* MusicBox.mp3 */,
				575295551721CC640037CB3F /* Overworld.mp3 */,
				575295561721CC640037CB3F /* SpadeGame.mp3 */,
				575295571721CC640037CB3F /* VictoryFanFare.mp3 */,
			);
			name = Music;
			sourceTree = "<group>";
		};
		5752954D1721CC430037CB3F /* Sounds */ = {
			isa = PBXGroup;
			children = (
				5752954E1721CC540037CB3F /* 1Up.mp3 */,
				5752954F1721CC540037CB3F /* Match.wav */,
				575295501721CC540037CB3F /* NoMatch.wav */,
			);
			name = Sounds;
			sourceTree = "<group>";
		};
		57A2B99C1721B34F00ED83AF /* Fonts */ = {
			isa = PBXGroup;
			children = (
				57A2B9981721B34300ED83AF /* Emulogic.ttf */,
				57A2B9991721B34300ED83AF /* Super Plumber Brothers.ttf */,
			);
			name = Fonts;
			sourceTree = "<group>";
		};
		57A2B99F1721BC5A00ED83AF /* ViewController */ = {
			isa = PBXGroup;
			children = (
				5714DE73171F70EA003552A3 /* GameViewController.h */,
				5714DE74171F70EA003552A3 /* GameViewController.m */,
				575295611721CD950037CB3F /* HighScoresViewController.h */,
				575295621721CD950037CB3F /* HighScoresViewController.m */,
				5752955C1721CD4C0037CB3F /* HomeViewController.h */,
				5752955D1721CD4C0037CB3F /* HomeViewController.m */,
			);
			name = ViewController;
			sourceTree = "<group>";
		};
		57A2B9A01721BC6100ED83AF /* View */ = {
			isa = PBXGroup;
			children = (
				5714DE75171F70EA003552A3 /* GameViewController.xib */,
				575295631721CD950037CB3F /* HighScoresViewController.xib */,
				5752955E1721CD4C0037CB3F /* HomeViewController.xib */,
			);
			name = View;
			sourceTree = "<group>";
		};
/* End PBXGroup section */

/* Begin PBXNativeTarget section */
		5714DE52171F70C0003552A3 /* MemoryCardGame */ = {
			isa = PBXNativeTarget;
			buildConfigurationList = 5714DE70171F70C0003552A3 /* Build configuration list for PBXNativeTarget "MemoryCardGame" */;
			buildPhases = (
				5714DE4F171F70C0003552A3 /* Sources */,
				5714DE50171F70C0003552A3 /* Frameworks */,
				5714DE51171F70C0003552A3 /* Resources */,
			);
			buildRules = (
			);
			dependencies = (
			);
			name = MemoryCardGame;
			productName = MemoryCardGame;
			productReference = 5714DE53171F70C0003552A3 /* MemoryCardGame.app */;
			productType = "com.apple.product-type.application";
		};
/* End PBXNativeTarget section */

/* Begin PBXProject section */
		5714DE4B171F70C0003552A3 /* Project object */ = {
			isa = PBXProject;
			attributes = {
				LastUpgradeCheck = 0460;
				ORGANIZATIONNAME = "Mike Berlin";
			};
			buildConfigurationList = 5714DE4E171F70C0003552A3 /* Build configuration list for PBXProject "MemoryCardGame" */;
			compatibilityVersion = "Xcode 3.2";
			developmentRegion = English;
			hasScannedForEncodings = 0;
			knownRegions = (
				en,
			);
			mainGroup = 5714DE4A171F70C0003552A3;
			productRefGroup = 5714DE54171F70C0003552A3 /* Products */;
			projectDirPath = "";
			projectRoot = "";
			targets = (
				5714DE52171F70C0003552A3 /* MemoryCardGame */,
			);
		};
/* End PBXProject section */

/* Begin PBXResourcesBuildPhase section */
		5714DE51171F70C0003552A3 /* Resources */ = {
			isa = PBXResourcesBuildPhase;
			buildActionMask = 2147483647;
			files = (
				57A2B99D1721B36200ED83AF /* Emulogic.ttf in Resources */,
				57A2B99E1721B36200ED83AF /* Super Plumber Brothers.ttf in Resources */,
				5714DE61171F70C0003552A3 /* InfoPlist.strings in Resources */,
				5714DE69171F70C0003552A3 /* Default.png in Resources */,
				5714DE6B171F70C0003552A3 /* Default@2x.png in Resources */,
				5714DE6D171F70C0003552A3 /* Default-568h@2x.png in Resources */,
				5714DE77171F70EA003552A3 /* GameViewController.xib in Resources */,
				5714DE7E171F72D3003552A3 /* cardBackground.jpg in Resources */,
				573CB3281721A3E100ED46BB /* 1Up.png in Resources */,
				573CB3291721A3E100ED46BB /* Coin.png in Resources */,
				573CB32B1721A3E100ED46BB /* Koopa.png in Resources */,
				573CB32C1721A3E100ED46BB /* Mushroom.png in Resources */,
				573CB32D1721A3E100ED46BB /* QuestionBlock.png in Resources */,
				573CB32E1721A3E100ED46BB /* Star.png in Resources */,
				573CB3321721A58100ED46BB /* MarioBrosBackground.jpg in Resources */,
				573CB3391721AB8600ED46BB /* Title After.png in Resources */,
				575295471721C22F0037CB3F /* Flower.png in Resources */,
				5752954B1721C76F0037CB3F /* GameBackground.png in Resources */,
				575295511721CC540037CB3F /* 1Up.mp3 in Resources */,
				575295521721CC540037CB3F /* Match.wav in Resources */,
				575295531721CC540037CB3F /* NoMatch.wav in Resources */,
				575295581721CC640037CB3F /* MusicBox.mp3 in Resources */,
				575295591721CC640037CB3F /* Overworld.mp3 in Resources */,
				5752955A1721CC640037CB3F /* SpadeGame.mp3 in Resources */,
				5752955B1721CC640037CB3F /* VictoryFanFare.mp3 in Resources */,
				575295601721CD4D0037CB3F /* HomeViewController.xib in Resources */,
				575295651721CD950037CB3F /* HighScoresViewController.xib in Resources */,
				5704BF751724FC7200B65DB6 /* HighScores.plist in Resources */,
			);
			runOnlyForDeploymentPostprocessing = 0;
		};
/* End PBXResourcesBuildPhase section */

/* Begin PBXSourcesBuildPhase section */
		5714DE4F171F70C0003552A3 /* Sources */ = {
			isa = PBXSourcesBuildPhase;
			buildActionMask = 2147483647;
			files = (
				5714DE63171F70C0003552A3 /* main.m in Sources */,
				5714DE67171F70C0003552A3 /* AppDelegate.m in Sources */,
				5714DE76171F70EA003552A3 /* GameViewController.m in Sources */,
				5714DE7B171F711F003552A3 /* PlayingCard.m in Sources */,
				5714DE83171F7ABE003552A3 /* CardGame.m in Sources */,
				5752955F1721CD4D0037CB3F /* HomeViewController.m in Sources */,
				575295641721CD950037CB3F /* HighScoresViewController.m in Sources */,
			);
			runOnlyForDeploymentPostprocessing = 0;
		};
/* End PBXSourcesBuildPhase section */

/* Begin PBXVariantGroup section */
		5714DE5F171F70C0003552A3 /* InfoPlist.strings */ = {
			isa = PBXVariantGroup;
			children = (
				5714DE60171F70C0003552A3 /* en */,
			);
			name = InfoPlist.strings;
			sourceTree = "<group>";
		};
/* End PBXVariantGroup section */

/* Begin XCBuildConfiguration section */
		5714DE6E171F70C0003552A3 /* Debug */ = {
			isa = XCBuildConfiguration;
			buildSettings = {
				ALWAYS_SEARCH_USER_PATHS = NO;
				CLANG_CXX_LANGUAGE_STANDARD = "gnu++0x";
				CLANG_CXX_LIBRARY = "libc++";
				CLANG_ENABLE_OBJC_ARC = YES;
				CLANG_WARN_CONSTANT_CONVERSION = YES;
				CLANG_WARN_EMPTY_BODY = YES;
				CLANG_WARN_ENUM_CONVERSION = YES;
				CLANG_WARN_INT_CONVERSION = YES;
				CLANG_WARN__DUPLICATE_METHOD_MATCH = YES;
				"CODE_SIGN_IDENTITY[sdk=iphoneos*]" = "iPhone Developer";
				COPY_PHASE_STRIP = NO;
				GCC_C_LANGUAGE_STANDARD = gnu99;
				GCC_DYNAMIC_NO_PIC = NO;
				GCC_OPTIMIZATION_LEVEL = 0;
				GCC_PREPROCESSOR_DEFINITIONS = (
					"DEBUG=1",
					"$(inherited)",
				);
				GCC_SYMBOLS_PRIVATE_EXTERN = NO;
				GCC_WARN_ABOUT_RETURN_TYPE = YES;
				GCC_WARN_UNINITIALIZED_AUTOS = YES;
				GCC_WARN_UNUSED_VARIABLE = YES;
				IPHONEOS_DEPLOYMENT_TARGET = 6.1;
				ONLY_ACTIVE_ARCH = YES;
				SDKROOT = iphoneos;
			};
			name = Debug;
		};
		5714DE6F171F70C0003552A3 /* Release */ = {
			isa = XCBuildConfiguration;
			buildSettings = {
				ALWAYS_SEARCH_USER_PATHS = NO;
				CLANG_CXX_LANGUAGE_STANDARD = "gnu++0x";
				CLANG_CXX_LIBRARY = "libc++";
				CLANG_ENABLE_OBJC_ARC = YES;
				CLANG_WARN_CONSTANT_CONVERSION = YES;
				CLANG_WARN_EMPTY_BODY = YES;
				CLANG_WARN_ENUM_CONVERSION = YES;
				CLANG_WARN_INT_CONVERSION = YES;
				CLANG_WARN__DUPLICATE_METHOD_MATCH = YES;
				"CODE_SIGN_IDENTITY[sdk=iphoneos*]" = "iPhone Developer";
				COPY_PHASE_STRIP = YES;
				GCC_C_LANGUAGE_STANDARD = gnu99;
				GCC_WARN_ABOUT_RETURN_TYPE = YES;
				GCC_WARN_UNINITIALIZED_AUTOS = YES;
				GCC_WARN_UNUSED_VARIABLE = YES;
				IPHONEOS_DEPLOYMENT_TARGET = 6.1;
				OTHER_CFLAGS = "-DNS_BLOCK_ASSERTIONS=1";
				SDKROOT = iphoneos;
				VALIDATE_PRODUCT = YES;
			};
			name = Release;
		};
		5714DE71171F70C0003552A3 /* Debug */ = {
			isa = XCBuildConfiguration;
			buildSettings = {
				GCC_PRECOMPILE_PREFIX_HEADER = YES;
				GCC_PREFIX_HEADER = "MemoryCardGame/MemoryCardGame-Prefix.pch";
				INFOPLIST_FILE = "MemoryCardGame/MemoryCardGame-Info.plist";
				PRODUCT_NAME = "$(TARGET_NAME)";
				WRAPPER_EXTENSION = app;
			};
			name = Debug;
		};
		5714DE72171F70C0003552A3 /* Release */ = {
			isa = XCBuildConfiguration;
			buildSettings = {
				GCC_PRECOMPILE_PREFIX_HEADER = YES;
				GCC_PREFIX_HEADER = "MemoryCardGame/MemoryCardGame-Prefix.pch";
				INFOPLIST_FILE = "MemoryCardGame/MemoryCardGame-Info.plist";
				PRODUCT_NAME = "$(TARGET_NAME)";
				WRAPPER_EXTENSION = app;
			};
			name = Release;
		};
/* End XCBuildConfiguration section */

/* Begin XCConfigurationList section */
		5714DE4E171F70C0003552A3 /* Build configuration list for PBXProject "MemoryCardGame" */ = {
			isa = XCConfigurationList;
			buildConfigurations = (
				5714DE6E171F70C0003552A3 /* Debug */,
				5714DE6F171F70C0003552A3 /* Release */,
			);
			defaultConfigurationIsVisible = 0;
			defaultConfigurationName = Release;
		};
		5714DE70171F70C0003552A3 /* Build configuration list for PBXNativeTarget "MemoryCardGame" */ = {
			isa = XCConfigurationList;
			buildConfigurations = (
				5714DE71171F70C0003552A3 /* Debug */,
				5714DE72171F70C0003552A3 /* Release */,
			);
			defaultConfigurationIsVisible = 0;
			defaultConfigurationName = Release;
		};
/* End XCConfigurationList section */
	};
	rootObject = 5714DE4B171F70C0003552A3 /* Project object */;
}
